
Microsoft Visual Studio Solution File, Format Version 12.00
# Visual Studio Version 17
VisualStudioVersion = 17.14.36310.24 d17.14
MinimumVisualStudioVersion = 10.0.40219.1
Project("{8BC9CEB8-8B4A-11D0-8D11-00A0C91BC942}") = "test_copilot", "test_copilot\test_copilot.vcxproj", "{B5113246-8626-49F5-AE5E-0AD3C9BA68ED}"
EndProject
Global
	GlobalSection(SolutionConfigurationPlatforms) = preSolution
		Debug|x64 = Debug|x64
		Debug|x86 = Debug|x86
		Release|x64 = Release|x64
		Release|x86 = Release|x86
	EndGlobalSection
	GlobalSection(ProjectConfigurationPlatforms) = postSolution
		{B5113246-8626-49F5-AE5E-0AD3C9BA68ED}.Debug|x64.ActiveCfg = Debug|x64
		{B5113246-8626-49F5-AE5E-0AD3C9BA68ED}.Debug|x64.Build.0 = Debug|x64
		{B5113246-8626-49F5-AE5E-0AD3C9BA68ED}.Debug|x86.ActiveCfg = Debug|Win32
		{B5113246-8626-49F5-AE5E-0AD3C9BA68ED}.Debug|x86.Build.0 = Debug|Win32
		{B5113246-8626-49F5-AE5E-0AD3C9BA68ED}.Release|x64.ActiveCfg = Release|x64
		{B5113246-8626-49F5-AE5E-0AD3C9BA68ED}.Release|x64.Build.0 = Release|x64
		{B5113246-8626-49F5-AE5E-0AD3C9BA68ED}.Release|x86.ActiveCfg = Release|Win32
		{B5113246-8626-49F5-AE5E-0AD3C9BA68ED}.Release|x86.Build.0 = Release|Win32
	EndGlobalSection
	GlobalSection(SolutionProperties) = preSolution
		HideSolutionNode = FALSE
	EndGlobalSection
	GlobalSection(ExtensibilityGlobals) = postSolution
		SolutionGuid = {119D8B20-9F74-4A42-BA2F-A57159D44691}
	EndGlobalSection
EndGlobal
